
Microsoft Visual Studio Solution File, Format Version 12.00
# Visual Studio Version 17
VisualStudioVersion = 17.9.34622.214
MinimumVisualStudioVersion = 10.0.40219.1
Project("{9A19103F-16F7-4668-BE54-9A1E7A4F7556}") = "AunctionService", "AunctionService\AunctionService.csproj", "{3B4B220E-99B5-48C6-A003-2E483D7F9378}"
EndProject
Project("{2150E333-8FDC-42A3-9474-1A3956D46DE8}") = "src", "src", "{DA418B86-C7E7-46BD-838D-00AAD5E76377}"
EndProject
Project("{2150E333-8FDC-42A3-9474-1A3956D46DE8}") = "Solution Items", "Solution Items", "{AA28B689-0045-4F82-8D11-54F13D421D7C}"
	ProjectSection(SolutionItems) = preProject
		docker-compose.yml = docker-compose.yml
	EndProjectSection
EndProject
Global
	GlobalSection(SolutionConfigurationPlatforms) = preSolution
		Debug|Any CPU = Debug|Any CPU
		Release|Any CPU = Release|Any CPU
	EndGlobalSection
	GlobalSection(ProjectConfigurationPlatforms) = postSolution
		{3B4B220E-99B5-48C6-A003-2E483D7F9378}.Debug|Any CPU.ActiveCfg = Debug|Any CPU
		{3B4B220E-99B5-48C6-A003-2E483D7F9378}.Debug|Any CPU.Build.0 = Debug|Any CPU
		{3B4B220E-99B5-48C6-A003-2E483D7F9378}.Release|Any CPU.ActiveCfg = Release|Any CPU
		{3B4B220E-99B5-48C6-A003-2E483D7F9378}.Release|Any CPU.Build.0 = Release|Any CPU
	EndGlobalSection
	GlobalSection(SolutionProperties) = preSolution
		HideSolutionNode = FALSE
	EndGlobalSection
	GlobalSection(NestedProjects) = preSolution
		{3B4B220E-99B5-48C6-A003-2E483D7F9378} = {DA418B86-C7E7-46BD-838D-00AAD5E76377}
	EndGlobalSection
	GlobalSection(ExtensibilityGlobals) = postSolution
		SolutionGuid = {55CCC004-7317-47C2-BD6F-5476BF71A383}
	EndGlobalSection
EndGlobal
